
Microsoft Visual Studio Solution File, Format Version 12.00
# Visual Studio Version 17
VisualStudioVersion = 17.5.33502.453
MinimumVisualStudioVersion = 10.0.40219.1
Project("{FAE04EC0-301F-11D3-BF4B-00C04F79EFBC}") = "BlackJack", "BlackJack\BlackJack.csproj", "{BD4AC6E4-BD8C-41F6-9DFD-F86D072F47D4}"
EndProject
Global
	GlobalSection(SolutionConfigurationPlatforms) = preSolution
		Debug|Any CPU = Debug|Any CPU
		Release|Any CPU = Release|Any CPU
	EndGlobalSection
	GlobalSection(ProjectConfigurationPlatforms) = postSolution
		{BD4AC6E4-BD8C-41F6-9DFD-F86D072F47D4}.Debug|Any CPU.ActiveCfg = Debug|Any CPU
		{BD4AC6E4-BD8C-41F6-9DFD-F86D072F47D4}.Debug|Any CPU.Build.0 = Debug|Any CPU
		{BD4AC6E4-BD8C-41F6-9DFD-F86D072F47D4}.Release|Any CPU.ActiveCfg = Release|Any CPU
		{BD4AC6E4-BD8C-41F6-9DFD-F86D072F47D4}.Release|Any CPU.Build.0 = Release|Any CPU
	EndGlobalSection
	GlobalSection(SolutionProperties) = preSolution
		HideSolutionNode = FALSE
	EndGlobalSection
	GlobalSection(ExtensibilityGlobals) = postSolution
		SolutionGuid = {1E905475-1BAA-4BB9-A0EE-16A5162DFB62}
	EndGlobalSection
EndGlobal
